#MicroXplorer Configuration settings - do not modify
ADC1.Channel-0\#ChannelRegularConversion=ADC_CHANNEL_14
ADC1.IPParameters=Rank-0\#ChannelRegularConversion,Channel-0\#ChannelRegularConversion,SamplingTime-0\#ChannelRegularConversion,NbrOfConversionFlag,master
ADC1.NbrOfConversionFlag=1
ADC1.Rank-0\#ChannelRegularConversion=1
ADC1.SamplingTime-0\#ChannelRegularConversion=ADC_SAMPLETIME_1CYCLE_5
ADC1.master=1
ADC2.Channel-0\#ChannelRegularConversion=ADC_CHANNEL_9
ADC2.IPParameters=Rank-0\#ChannelRegularConversion,Channel-0\#ChannelRegularConversion,SamplingTime-0\#ChannelRegularConversion,NbrOfConversionFlag
ADC2.NbrOfConversionFlag=1
ADC2.Rank-0\#ChannelRegularConversion=1
ADC2.SamplingTime-0\#ChannelRegularConversion=ADC_SAMPLETIME_1CYCLE_5
File.Version=6
KeepUserPlacement=false
Mcu.Family=STM32F1
Mcu.IP0=ADC1
Mcu.IP1=ADC2
Mcu.IP2=NVIC
Mcu.IP3=RCC
Mcu.IP4=SYS
Mcu.IPNb=5
Mcu.Name=STM32F105R(8-B-C)Tx
Mcu.Package=LQFP64
Mcu.Pin0=PD0-OSC_IN
Mcu.Pin1=PD1-OSC_OUT
Mcu.Pin10=PB11
Mcu.Pin11=PB12
Mcu.Pin12=PB13
Mcu.Pin13=PB14
Mcu.Pin14=PB15
Mcu.Pin15=PC6
Mcu.Pin16=PA8
Mcu.Pin17=PA9
Mcu.Pin18=PA10
Mcu.Pin19=PA11
Mcu.Pin2=PA0-WKUP
Mcu.Pin20=PA13
Mcu.Pin21=PA14
Mcu.Pin22=VP_SYS_VS_ND
Mcu.Pin23=VP_SYS_VS_Systick
Mcu.Pin3=PA1
Mcu.Pin4=PA2
Mcu.Pin5=PA3
Mcu.Pin6=PA6
Mcu.Pin7=PC4
Mcu.Pin8=PB1
Mcu.Pin9=PB10
Mcu.PinsNb=24
Mcu.ThirdPartyNb=0
Mcu.UserConstants=
Mcu.UserName=STM32F105RBTx
MxCube.Version=4.25.0
MxDb.Version=DB.4.0.250
NVIC.BusFault_IRQn=true\:0\:0\:false\:false\:true\:false
NVIC.DebugMonitor_IRQn=true\:0\:0\:false\:false\:true\:false
NVIC.HardFault_IRQn=true\:0\:0\:false\:false\:true\:false
NVIC.MemoryManagement_IRQn=true\:0\:0\:false\:false\:true\:false
NVIC.NonMaskableInt_IRQn=true\:0\:0\:false\:false\:true\:false
NVIC.PendSV_IRQn=true\:0\:0\:false\:false\:true\:false
NVIC.PriorityGroup=NVIC_PRIORITYGROUP_4
NVIC.SVCall_IRQn=true\:0\:0\:false\:false\:true\:false
NVIC.SysTick_IRQn=true\:0\:0\:false\:false\:true\:false
NVIC.UsageFault_IRQn=true\:0\:0\:false\:false\:true\:false
PA0-WKUP.GPIOParameters=GPIO_Label
PA0-WKUP.GPIO_Label=led5
PA0-WKUP.Locked=true
PA0-WKUP.Signal=GPIO_Output
PA1.GPIOParameters=GPIO_Label
PA1.GPIO_Label=led4
PA1.Locked=true
PA1.Signal=GPIO_Output
PA10.GPIOParameters=GPIO_Label
PA10.GPIO_Label=echo_right
PA10.Locked=true
PA10.Signal=S_TIM1_CH3
PA11.GPIOParameters=GPIO_Label
PA11.GPIO_Label=trig_right
PA11.Locked=true
PA11.Signal=S_TIM1_CH4
PA13.Locked=true
PA13.Signal=SYS_JTMS-SWDIO
PA14.Locked=true
PA14.Signal=SYS_JTCK-SWCLK
PA2.GPIOParameters=GPIO_Label
PA2.GPIO_Label=led3
PA2.Locked=true
PA2.Signal=GPIO_Output
PA3.GPIOParameters=GPIO_Label
PA3.GPIO_Label=led2
PA3.Locked=true
PA3.Signal=GPIO_Output
PA6.GPIOParameters=GPIO_Label
PA6.GPIO_Label=led1
PA6.Locked=true
PA6.Signal=GPIO_Output
PA8.GPIOParameters=GPIO_Label
PA8.GPIO_Label=echo_left
PA8.Locked=true
PA8.Signal=S_TIM1_CH1
PA9.GPIOParameters=GPIO_Label
PA9.GPIO_Label=trig_left
PA9.Locked=true
PA9.Signal=S_TIM1_CH2
PB1.GPIOParameters=GPIO_Label
PB1.GPIO_Label=battery_voltage
PB1.Locked=true
PB1.Signal=ADCx_IN9
PB10.GPIOParameters=GPIO_Label
PB10.GPIO_Label=bluetooth_tx
PB10.Locked=true
PB10.Signal=USART3_TX
PB11.GPIOParameters=GPIO_Label
PB11.GPIO_Label=bluetooth_rx
PB11.Locked=true
PB11.Signal=USART3_RX
PB12.Locked=true
PB12.Signal=GPIO_Output
PB13.Locked=true
PB13.Signal=GPIO_Output
PB14.Locked=true
PB14.Signal=GPIO_Output
PB15.Locked=true
PB15.Signal=GPIO_Output
PC4.GPIOParameters=GPIO_Label
PC4.GPIO_Label=battery_temperature
PC4.Locked=true
PC4.Signal=ADCx_IN14
PC6.Locked=true
PC6.Signal=GPIO_Output
PCC.Checker=false
PCC.Line=STM32F105/107
PCC.MCU=STM32F105R(8-B-C)Tx
PCC.PartNumber=STM32F105RBTx
PCC.Seq0=0
PCC.Series=STM32F1
PCC.Temperature=25
PCC.Vdd=3.3
PD0-OSC_IN.Mode=HSE-External-Oscillator
PD0-OSC_IN.Signal=RCC_OSC_IN
PD1-OSC_OUT.Mode=HSE-External-Oscillator
PD1-OSC_OUT.Signal=RCC_OSC_OUT
PinOutPanel.RotationAngle=0
RCC.ADCFreqValue=4000000
RCC.ADCPresc=RCC_ADCPCLK2_DIV8
RCC.AHBFreq_Value=32000000
RCC.APB1Freq_Value=32000000
RCC.APB1TimFreq_Value=32000000
RCC.APB2Freq_Value=32000000
RCC.APB2TimFreq_Value=32000000
RCC.FCLKCortexFreq_Value=32000000
RCC.FamilyName=M
RCC.HCLKFreq_Value=32000000
RCC.I2S2Freq_Value=32000000
RCC.I2S3Freq_Value=32000000
RCC.IPParameters=ADCFreqValue,ADCPresc,AHBFreq_Value,APB1Freq_Value,APB1TimFreq_Value,APB2Freq_Value,APB2TimFreq_Value,FCLKCortexFreq_Value,FamilyName,HCLKFreq_Value,I2S2Freq_Value,I2S3Freq_Value,MCOFreq_Value,PLLCLKFreq_Value,PLLSourceVirtual,SYSCLKFreq_VALUE,SYSCLKSource,TimSysFreq_Value,USBFreq_Value,VCOOutput2Freq_Value
RCC.MCOFreq_Value=32000000
RCC.PLLCLKFreq_Value=32000000
RCC.PLLSourceVirtual=RCC_PLLSOURCE_HSE
RCC.SYSCLKFreq_VALUE=32000000
RCC.SYSCLKSource=RCC_SYSCLKSOURCE_PLLCLK
RCC.TimSysFreq_Value=32000000
RCC.USBFreq_Value=21333333.333333332
RCC.VCOOutput2Freq_Value=8000000
SH.ADCx_IN14.0=ADC1_IN14,IN14
SH.ADCx_IN14.ConfNb=1
SH.ADCx_IN9.0=ADC2_IN9,IN9
SH.ADCx_IN9.ConfNb=1
SH.S_TIM1_CH1.0=TIM1_CH1
SH.S_TIM1_CH1.ConfNb=1
SH.S_TIM1_CH2.0=TIM1_CH2
SH.S_TIM1_CH2.ConfNb=1
SH.S_TIM1_CH3.0=TIM1_CH3
SH.S_TIM1_CH3.ConfNb=1
SH.S_TIM1_CH4.0=TIM1_CH4
SH.S_TIM1_CH4.ConfNb=1
VP_SYS_VS_ND.Mode=No_Debug
VP_SYS_VS_ND.Signal=SYS_VS_ND
VP_SYS_VS_Systick.Mode=SysTick
VP_SYS_VS_Systick.Signal=SYS_VS_Systick
